
Microsoft Visual Studio Solution File, Format Version 12.00
# Visual Studio Version 16
VisualStudioVersion = 16.0.30611.23
MinimumVisualStudioVersion = 10.0.40219.1
Project("{FAE04EC0-301F-11D3-BF4B-00C04F79EFBC}") = "WorldOffice", "WorldOffice\WorldOffice.csproj", "{F72E412C-7FC9-4788-A980-A0708513A62D}"
EndProject
Global
	GlobalSection(SolutionConfigurationPlatforms) = preSolution
		Debug|Any CPU = Debug|Any CPU
		Release|Any CPU = Release|Any CPU
	EndGlobalSection
	GlobalSection(ProjectConfigurationPlatforms) = postSolution
		{F72E412C-7FC9-4788-A980-A0708513A62D}.Debug|Any CPU.ActiveCfg = Debug|Any CPU
		{F72E412C-7FC9-4788-A980-A0708513A62D}.Debug|Any CPU.Build.0 = Debug|Any CPU
		{F72E412C-7FC9-4788-A980-A0708513A62D}.Release|Any CPU.ActiveCfg = Release|Any CPU
		{F72E412C-7FC9-4788-A980-A0708513A62D}.Release|Any CPU.Build.0 = Release|Any CPU
	EndGlobalSection
	GlobalSection(SolutionProperties) = preSolution
		HideSolutionNode = FALSE
	EndGlobalSection
	GlobalSection(ExtensibilityGlobals) = postSolution
		SolutionGuid = {FBF4C0BE-054C-46DB-BB02-9F13E382680A}
	EndGlobalSection
EndGlobal
